
Microsoft Visual Studio Solution File, Format Version 12.00
# Visual Studio Version 16
VisualStudioVersion = 16.0.30804.86
MinimumVisualStudioVersion = 10.0.40219.1
Project("{FAE04EC0-301F-11D3-BF4B-00C04F79EFBC}") = "GithubWebapi", "GithubWebapi.csproj", "{180EE21E-E898-41F5-9161-B4F91D444712}"
EndProject
Global
	GlobalSection(SolutionConfigurationPlatforms) = preSolution
		Debug|Any CPU = Debug|Any CPU
		Release|Any CPU = Release|Any CPU
	EndGlobalSection
	GlobalSection(ProjectConfigurationPlatforms) = postSolution
		{180EE21E-E898-41F5-9161-B4F91D444712}.Debug|Any CPU.ActiveCfg = Debug|Any CPU
		{180EE21E-E898-41F5-9161-B4F91D444712}.Debug|Any CPU.Build.0 = Debug|Any CPU
		{180EE21E-E898-41F5-9161-B4F91D444712}.Release|Any CPU.ActiveCfg = Release|Any CPU
		{180EE21E-E898-41F5-9161-B4F91D444712}.Release|Any CPU.Build.0 = Release|Any CPU
	EndGlobalSection
	GlobalSection(SolutionProperties) = preSolution
		HideSolutionNode = FALSE
	EndGlobalSection
	GlobalSection(ExtensibilityGlobals) = postSolution
		SolutionGuid = {E6970C60-2496-4B1E-B15A-D855351DDB36}
	EndGlobalSection
EndGlobal
